<?xml version="1.0" encoding="utf-8"?>
<Project ToolsVersion="4.0" xmlns="http://schemas.microsoft.com/developer/msbuild/2003">
  <ItemGroup>
    <Filter Include="Source Files">
      <UniqueIdentifier>{4FC737F1-C7A5-4376-A066-2A32D752A2FF}</UniqueIdentifier>
      <Extensions>cpp;c;cc;cxx;def;odl;idl;hpj;bat;asm;asmx</Extensions>
    </Filter>
    <Filter Include="Resource Files">
      <UniqueIdentifier>{67DA6AB6-F800-4c08-8B7A-83BB121AAD01}</UniqueIdentifier>
      <Extensions>rc;ico;cur;bmp;dlg;rc2;rct;bin;rgs;gif;jpg;jpeg;jpe;resx;tiff;tif;png;wav;mfcribbon-ms</Extensions>
    </Filter>
    <Filter Include="Source Files\platform">
      <UniqueIdentifier>{399c947e-b2a5-4f25-b92b-8ea8a34dec41}</UniqueIdentifier>
    </Filter>
    <Filter Include="Source Files\wallpaper">
      <UniqueIdentifier>{cdcfa68a-f236-497e-b59e-481e0893fa0f}</UniqueIdentifier>
    </Filter>
    <Filter Include="Source Files\ktx">
      <UniqueIdentifier>{f8510e69-9cc1-4fcd-879a-a5480e38163d}</UniqueIdentifier>
    </Filter>
    <Filter Include="Source Files\wallpaper\shader">
      <UniqueIdentifier>{f29128b9-54dd-4db2-8d24-59a8d06e8c9d}</UniqueIdentifier>
    </Filter>
    <Filter Include="Source Files\engine">
      <UniqueIdentifier>{f86184b2-20a8-457b-a163-39eef8de0db2}</UniqueIdentifier>
    </Filter>
    <Filter Include="Source Files\engine\math">
      <UniqueIdentifier>{7a905bb2-8729-46bd-9200-8005621bd13d}</UniqueIdentifier>
    </Filter>
    <Filter Include="Source Files\engine\core">
      <UniqueIdentifier>{e11a87af-a524-4885-acee-91be3433bcee}</UniqueIdentifier>
    </Filter>
    <Filter Include="Source Files\engine\shape">
      <UniqueIdentifier>{f99deb3d-6ae5-4dd0-ad7a-40eca5afcb7d}</UniqueIdentifier>
    </Filter>
  </ItemGroup>
  <ItemGroup>
    <ClCompile Include="..\..\source\platforms\win32\application.cpp">
      <Filter>Source Files\platform</Filter>
    </ClCompile>
    <ClCompile Include="..\..\source\platforms\win32\main.cpp">
      <Filter>Source Files\platform</Filter>
    </ClCompile>
    <ClCompile Include="..\..\source\livewallpaper\livewallpaper.cpp">
      <Filter>Source Files\wallpaper</Filter>
    </ClCompile>
    <ClCompile Include="..\..\source\livewallpaper\water.cpp">
      <Filter>Source Files\wallpaper</Filter>
    </ClCompile>
    <ClCompile Include="..\..\source\livewallpaper\Mesh.cpp">
      <Filter>Source Files\wallpaper</Filter>
    </ClCompile>
    <ClCompile Include="..\..\source\livewallpaper\esutils.cpp">
      <Filter>Source Files\engine</Filter>
    </ClCompile>
    <ClCompile Include="..\..\source\livewallpaper\EVertexAttribute.cpp">
      <Filter>Source Files\engine</Filter>
    </ClCompile>
    <ClCompile Include="..\..\source\livewallpaper\framebuffer.cpp">
      <Filter>Source Files\engine</Filter>
    </ClCompile>
    <ClCompile Include="..\..\source\livewallpaper\ProcessBufferHeap.cpp">
      <Filter>Source Files\engine</Filter>
    </ClCompile>
    <ClCompile Include="..\..\source\livewallpaper\ScopedProcessArray.cpp">
      <Filter>Source Files\engine</Filter>
    </ClCompile>
    <ClCompile Include="..\..\source\livewallpaper\shader.cpp">
      <Filter>Source Files\engine</Filter>
    </ClCompile>
    <ClCompile Include="..\..\source\livewallpaper\ShaderParamterDef.cpp">
      <Filter>Source Files\engine</Filter>
    </ClCompile>
    <ClCompile Include="..\..\source\livewallpaper\texture2d.cpp">
      <Filter>Source Files\engine</Filter>
    </ClCompile>
    <ClCompile Include="..\..\source\livewallpaper\GLError.cpp">
      <Filter>Source Files\engine</Filter>
    </ClCompile>
    <ClCompile Include="..\..\source\livewallpaper\SystemWin32.cpp">
      <Filter>Source Files\engine</Filter>
    </ClCompile>
    <ClCompile Include="..\..\source\common\ktx20\lib\checkheader.c">
      <Filter>Source Files\ktx</Filter>
    </ClCompile>
    <ClCompile Include="..\..\source\common\ktx20\lib\errstr.c">
      <Filter>Source Files\ktx</Filter>
    </ClCompile>
    <ClCompile Include="..\..\source\common\ktx20\lib\etcdec.cxx">
      <Filter>Source Files\ktx</Filter>
    </ClCompile>
    <ClCompile Include="..\..\source\common\ktx20\lib\etcunpack.cxx">
      <Filter>Source Files\ktx</Filter>
    </ClCompile>
    <ClCompile Include="..\..\source\common\ktx20\lib\hashtable.c">
      <Filter>Source Files\ktx</Filter>
    </ClCompile>
    <ClCompile Include="..\..\source\common\ktx20\lib\loader.c">
      <Filter>Source Files\ktx</Filter>
    </ClCompile>
    <ClCompile Include="..\..\source\common\ktx20\lib\swap.c">
      <Filter>Source Files\ktx</Filter>
    </ClCompile>
    <ClCompile Include="..\..\source\common\ktx20\lib\writer.c">
      <Filter>Source Files\ktx</Filter>
    </ClCompile>
    <ClCompile Include="..\..\source\engine\shape\GeometryUtil.cpp">
      <Filter>Source Files\engine\shape</Filter>
    </ClCompile>
    <ClCompile Include="..\..\source\engine\core\ProcessBufferHeap.cpp">
      <Filter>Source Files\engine\core</Filter>
    </ClCompile>
    <ClCompile Include="..\..\source\engine\core\ScopedProcessArray.cpp">
      <Filter>Source Files\engine\core</Filter>
    </ClCompile>
    <ClCompile Include="..\..\source\engine\core\string_hash.cpp">
      <Filter>Source Files\engine\core</Filter>
    </ClCompile>
  </ItemGroup>
  <ItemGroup>
    <ClInclude Include="..\..\source\platforms\win32\application.h">
      <Filter>Source Files\platform</Filter>
    </ClInclude>
    <ClInclude Include="..\..\source\livewallpaper\livewallpaper.h">
      <Filter>Source Files\wallpaper</Filter>
    </ClInclude>
    <ClInclude Include="..\..\source\livewallpaper\water.h">
      <Filter>Source Files\wallpaper</Filter>
    </ClInclude>
    <ClInclude Include="..\..\source\livewallpaper\Mesh.h">
      <Filter>Source Files\wallpaper</Filter>
    </ClInclude>
    <ClInclude Include="..\..\source\livewallpaper\FragmentShader_Drop.h">
      <Filter>Source Files\wallpaper\shader</Filter>
    </ClInclude>
    <ClInclude Include="..\..\source\livewallpaper\FragmentShader_Update.h">
      <Filter>Source Files\wallpaper\shader</Filter>
    </ClInclude>
    <ClInclude Include="..\..\source\livewallpaper\VertexShader_Common.h">
      <Filter>Source Files\wallpaper\shader</Filter>
    </ClInclude>
    <ClInclude Include="..\..\source\livewallpaper\esutils.h">
      <Filter>Source Files\engine</Filter>
    </ClInclude>
    <ClInclude Include="..\..\source\livewallpaper\EVertexAttribute.h">
      <Filter>Source Files\engine</Filter>
    </ClInclude>
    <ClInclude Include="..\..\source\livewallpaper\framebuffer.h">
      <Filter>Source Files\engine</Filter>
    </ClInclude>
    <ClInclude Include="..\..\source\livewallpaper\ProcessBufferHeap.h">
      <Filter>Source Files\engine</Filter>
    </ClInclude>
    <ClInclude Include="..\..\source\livewallpaper\ScopedProcessArray.h">
      <Filter>Source Files\engine</Filter>
    </ClInclude>
    <ClInclude Include="..\..\source\livewallpaper\shader.h">
      <Filter>Source Files\engine</Filter>
    </ClInclude>
    <ClInclude Include="..\..\source\livewallpaper\ShaderParamterDef.h">
      <Filter>Source Files\engine</Filter>
    </ClInclude>
    <ClInclude Include="..\..\source\livewallpaper\texture2d.h">
      <Filter>Source Files\engine</Filter>
    </ClInclude>
    <ClInclude Include="..\..\source\livewallpaper\FragmentShader_Quad.h">
      <Filter>Source Files\wallpaper\shader</Filter>
    </ClInclude>
    <ClInclude Include="..\..\source\livewallpaper\VertexShader_Quad.h">
      <Filter>Source Files\wallpaper\shader</Filter>
    </ClInclude>
    <ClInclude Include="..\..\source\livewallpaper\GLError.h">
      <Filter>Source Files\engine</Filter>
    </ClInclude>
    <ClInclude Include="..\..\source\livewallpaper\System.h">
      <Filter>Source Files\engine</Filter>
    </ClInclude>
    <ClInclude Include="..\..\source\livewallpaper\SystemWin32.h">
      <Filter>Source Files\engine</Filter>
    </ClInclude>
    <ClInclude Include="..\..\source\common\ktx20\lib\gl_funcptrs.h">
      <Filter>Source Files\ktx</Filter>
    </ClInclude>
    <ClInclude Include="..\..\source\common\ktx20\lib\gles1_funcptrs.h">
      <Filter>Source Files\ktx</Filter>
    </ClInclude>
    <ClInclude Include="..\..\source\common\ktx20\lib\gles2_funcptrs.h">
      <Filter>Source Files\ktx</Filter>
    </ClInclude>
    <ClInclude Include="..\..\source\common\ktx20\lib\gles3_funcptrs.h">
      <Filter>Source Files\ktx</Filter>
    </ClInclude>
    <ClInclude Include="..\..\source\common\ktx20\lib\ktxint.h">
      <Filter>Source Files\ktx</Filter>
    </ClInclude>
    <ClInclude Include="..\..\source\common\ktx20\lib\uthash.h">
      <Filter>Source Files\ktx</Filter>
    </ClInclude>
    <ClInclude Include="..\..\source\livewallpaper\FragmentShader_Normal.h">
      <Filter>Source Files\wallpaper\shader</Filter>
    </ClInclude>
    <ClInclude Include="..\..\source\livewallpaper\VertexShader_Water.h">
      <Filter>Source Files\wallpaper\shader</Filter>
    </ClInclude>
    <ClInclude Include="..\..\source\engine\math\math.h">
      <Filter>Source Files\engine\math</Filter>
    </ClInclude>
    <ClInclude Include="..\..\source\engine\math\matrix2.h">
      <Filter>Source Files\engine\math</Filter>
    </ClInclude>
    <ClInclude Include="..\..\source\engine\math\matrix3.h">
      <Filter>Source Files\engine\math</Filter>
    </ClInclude>
    <ClInclude Include="..\..\source\engine\math\matrix4.h">
      <Filter>Source Files\engine\math</Filter>
    </ClInclude>
    <ClInclude Include="..\..\source\engine\math\matrix4_ops.h">
      <Filter>Source Files\engine\math</Filter>
    </ClInclude>
    <ClInclude Include="..\..\source\engine\math\quaternion.h">
      <Filter>Source Files\engine\math</Filter>
    </ClInclude>
    <ClInclude Include="..\..\source\engine\math\vector2d.h">
      <Filter>Source Files\engine\math</Filter>
    </ClInclude>
    <ClInclude Include="..\..\source\engine\math\vector3d.h">
      <Filter>Source Files\engine\math</Filter>
    </ClInclude>
    <ClInclude Include="..\..\source\engine\math\vector4d.h">
      <Filter>Source Files\engine\math</Filter>
    </ClInclude>
    <ClInclude Include="..\..\source\engine\core\inlines.h">
      <Filter>Source Files\engine\core</Filter>
    </ClInclude>
    <ClInclude Include="..\..\source\engine\core\types.h">
      <Filter>Source Files\engine\core</Filter>
    </ClInclude>
    <ClInclude Include="..\..\source\engine\shape\aabbox3d.h">
      <Filter>Source Files\engine\shape</Filter>
    </ClInclude>
    <ClInclude Include="..\..\source\engine\shape\dimension2d.h">
      <Filter>Source Files\engine\shape</Filter>
    </ClInclude>
    <ClInclude Include="..\..\source\engine\shape\ECullingResult.h">
      <Filter>Source Files\engine\shape</Filter>
    </ClInclude>
    <ClInclude Include="..\..\source\engine\shape\GeometryUtil.h">
      <Filter>Source Files\engine\shape</Filter>
    </ClInclude>
    <ClInclude Include="..\..\source\engine\shape\line2d.h">
      <Filter>Source Files\engine\shape</Filter>
    </ClInclude>
    <ClInclude Include="..\..\source\engine\shape\line3d.h">
      <Filter>Source Files\engine\shape</Filter>
    </ClInclude>
    <ClInclude Include="..\..\source\engine\shape\plane3d.h">
      <Filter>Source Files\engine\shape</Filter>
    </ClInclude>
    <ClInclude Include="..\..\source\engine\shape\rect.h">
      <Filter>Source Files\engine\shape</Filter>
    </ClInclude>
    <ClInclude Include="..\..\source\engine\shape\triangle3d.h">
      <Filter>Source Files\engine\shape</Filter>
    </ClInclude>
    <ClInclude Include="..\..\source\engine\core\ProcessBufferHeap.h">
      <Filter>Source Files\engine\core</Filter>
    </ClInclude>
    <ClInclude Include="..\..\source\engine\core\ScopedProcessArray.h">
      <Filter>Source Files\engine\core</Filter>
    </ClInclude>
    <ClInclude Include="..\..\source\engine\core\singleton.h">
      <Filter>Source Files\engine\core</Filter>
    </ClInclude>
    <ClInclude Include="..\..\source\engine\core\string_hash.h">
      <Filter>Source Files\engine\core</Filter>
    </ClInclude>
    <ClInclude Include="..\..\source\livewallpaper\FragmentShader_Water.h">
      <Filter>Source Files\wallpaper\shader</Filter>
    </ClInclude>
    <ClInclude Include="..\..\source\livewallpaper\VertexShader_Caustic.h">
      <Filter>Source Files\wallpaper\shader</Filter>
    </ClInclude>
    <ClInclude Include="..\..\source\livewallpaper\FragmentShader_Caustic.h">
      <Filter>Source Files\wallpaper\shader</Filter>
    </ClInclude>
    <ClInclude Include="..\..\source\livewallpaper\VertexShader_WaterMesh.h">
      <Filter>Source Files\wallpaper\shader</Filter>
    </ClInclude>
    <ClInclude Include="..\..\source\livewallpaper\FragmentShader_WaterMesh.h">
      <Filter>Source Files\wallpaper\shader</Filter>
    </ClInclude>
    <ClInclude Include="..\..\source\livewallpaper\FragmentShader_Init.h">
      <Filter>Source Files\wallpaper\shader</Filter>
    </ClInclude>
    <ClInclude Include="..\..\source\livewallpaper\VertexShader_Water_UV.h">
      <Filter>Source Files\wallpaper\shader</Filter>
    </ClInclude>
    <ClInclude Include="..\..\source\livewallpaper\FragmentShader_Water_UV.h">
      <Filter>Source Files\wallpaper\shader</Filter>
    </ClInclude>
  </ItemGroup>
  <ItemGroup>
    <Text Include="..\..\source\TODO.txt" />
  </ItemGroup>
</Project>